
Microsoft Visual Studio Solution File, Format Version 12.00
# Visual Studio Version 17
VisualStudioVersion = 17.7.34009.444
MinimumVisualStudioVersion = 10.0.40219.1
Project("{FAE04EC0-301F-11D3-BF4B-00C04F79EFBC}") = "OOP_HW9", "OOP_HW9.csproj", "{DD28B57F-1E0D-4991-843B-C09942A1F8C7}"
EndProject
Global
	GlobalSection(SolutionConfigurationPlatforms) = preSolution
		Debug|Any CPU = Debug|Any CPU
		Release|Any CPU = Release|Any CPU
	EndGlobalSection
	GlobalSection(ProjectConfigurationPlatforms) = postSolution
		{DD28B57F-1E0D-4991-843B-C09942A1F8C7}.Debug|Any CPU.ActiveCfg = Debug|Any CPU
		{DD28B57F-1E0D-4991-843B-C09942A1F8C7}.Debug|Any CPU.Build.0 = Debug|Any CPU
		{DD28B57F-1E0D-4991-843B-C09942A1F8C7}.Release|Any CPU.ActiveCfg = Release|Any CPU
		{DD28B57F-1E0D-4991-843B-C09942A1F8C7}.Release|Any CPU.Build.0 = Release|Any CPU
	EndGlobalSection
	GlobalSection(SolutionProperties) = preSolution
		HideSolutionNode = FALSE
	EndGlobalSection
	GlobalSection(ExtensibilityGlobals) = postSolution
		SolutionGuid = {F9AAF388-CA69-47ED-9EF1-AF8B16F23F61}
	EndGlobalSection
EndGlobal
